
Microsoft Visual Studio Solution File, Format Version 12.00
Project("{FAE04EC0-301F-11D3-BF4B-00C04F79EFBC}") = "AdvancerBackend", "AdvancerBackend\AdvancerBackend.csproj", "{044432D1-B8B7-441A-8D33-55B1F0F9889F}"
EndProject
Global
	GlobalSection(SolutionConfigurationPlatforms) = preSolution
		Debug|Any CPU = Debug|Any CPU
		Release|Any CPU = Release|Any CPU
	EndGlobalSection
	GlobalSection(ProjectConfigurationPlatforms) = postSolution
		{044432D1-B8B7-441A-8D33-55B1F0F9889F}.Debug|Any CPU.ActiveCfg = Debug|Any CPU
		{044432D1-B8B7-441A-8D33-55B1F0F9889F}.Debug|Any CPU.Build.0 = Debug|Any CPU
		{044432D1-B8B7-441A-8D33-55B1F0F9889F}.Release|Any CPU.ActiveCfg = Release|Any CPU
		{044432D1-B8B7-441A-8D33-55B1F0F9889F}.Release|Any CPU.Build.0 = Release|Any CPU
	EndGlobalSection
EndGlobal
